dependencies:
- name: sonarr
  repository: oci://tccr.io/truecharts
  version: 24.2.1
- name: radarr
  repository: oci://tccr.io/truecharts
  version: 24.2.1
- name: prowlarr
  repository: oci://tccr.io/truecharts
  version: 20.2.1
- name: qbittorrent
  repository: oci://tccr.io/truecharts
  version: 19.4.1
- name: jellyseerr
  repository: oci://tccr.io/truecharts
  version: 13.2.1
- name: jellyfin
  repository: oci://tccr.io/truecharts
  version: 21.2.1
- name: flaresolverr
  repository: oci://tccr.io/truecharts
  version: 16.2.1
digest: sha256:fb4cb3e1ec1b4c3781e80ddd07a047ef44e01e4d02395e55380e8e03a6be4800
generated: "2025-08-08T11:54:47.891294733+02:00"
