dependencies:
- name: sonarr
  repository: oci://tccr.io/truecharts
  version: 21.2.1
- name: radarr
  repository: oci://tccr.io/truecharts
  version: 21.2.1
- name: prowlarr
  repository: oci://tccr.io/truecharts
  version: 16.2.1
- name: qbittorrent
  repository: oci://tccr.io/truecharts
  version: 19.4.1
- name: jellyseerr
  repository: oci://tccr.io/truecharts
  version: 9.5.2
- name: jellyfin
  repository: oci://tccr.io/truecharts
  version: 21.2.1
- name: flaresolverr
  repository: oci://tccr.io/truecharts
  version: 13.4.1
digest: sha256:35a913ab5bb544acf2ae04a3a766c13771d8d2919f1beb333a873858116391e5
generated: "2025-08-08T12:33:17.914698305+02:00"
