dependencies:
- name: sonarr
  repository: oci://tccr.io/truecharts
  version: 24.2.1
- name: radarr
  repository: oci://tccr.io/truecharts
  version: 24.2.1
- name: prowlarr
  repository: oci://tccr.io/truecharts
  version: 20.2.1
- name: qbittorrent
  repository: oci://tccr.io/truecharts
  version: 23.2.1
- name: jellyseerr
  repository: oci://tccr.io/truecharts
  version: 13.2.1
- name: jellyfin
  repository: oci://tccr.io/truecharts
  version: 21.2.1
- name: flaresolverr
  repository: oci://tccr.io/truecharts
  version: 16.2.1
digest: sha256:6f7ccfcc8fd13a0f82a404ea8872f0df6c0fe94baabf3443f7e9b5624ce172f5
generated: "2025-08-08T09:38:26.391888722+02:00"
